
Microsoft Visual Studio Solution File, Format Version 12.00
# Visual Studio Version 16
VisualStudioVersion = 16.0.33027.164
MinimumVisualStudioVersion = 10.0.40219.1
Project("{8BC9CEB8-8B4A-11D0-8D11-00A0C91BC942}") = "RabBit Engine", "RabBit Engine\RabBit Engine.vcxproj", "{9DC25807-3AE3-4BF2-8246-5D2ABCD8F0F4}"
EndProject
Project("{8BC9CEB8-8B4A-11D0-8D11-00A0C91BC942}") = "App", "App\App.vcxproj", "{44DC13DA-AE52-442F-ABC6-C3A9D7F73BF9}"
	ProjectSection(ProjectDependencies) = postProject
		{9DC25807-3AE3-4BF2-8246-5D2ABCD8F0F4} = {9DC25807-3AE3-4BF2-8246-5D2ABCD8F0F4}
	EndProjectSection
EndProject
Global
	GlobalSection(SolutionConfigurationPlatforms) = preSolution
		Debug|x64 = Debug|x64
		Release|x64 = Release|x64
	EndGlobalSection
	GlobalSection(ProjectConfigurationPlatforms) = postSolution
		{9DC25807-3AE3-4BF2-8246-5D2ABCD8F0F4}.Debug|x64.ActiveCfg = Debug|x64
		{9DC25807-3AE3-4BF2-8246-5D2ABCD8F0F4}.Debug|x64.Build.0 = Debug|x64
		{9DC25807-3AE3-4BF2-8246-5D2ABCD8F0F4}.Release|x64.ActiveCfg = Release|x64
		{9DC25807-3AE3-4BF2-8246-5D2ABCD8F0F4}.Release|x64.Build.0 = Release|x64
		{44DC13DA-AE52-442F-ABC6-C3A9D7F73BF9}.Debug|x64.ActiveCfg = Debug|x64
		{44DC13DA-AE52-442F-ABC6-C3A9D7F73BF9}.Debug|x64.Build.0 = Debug|x64
		{44DC13DA-AE52-442F-ABC6-C3A9D7F73BF9}.Release|x64.ActiveCfg = Release|x64
		{44DC13DA-AE52-442F-ABC6-C3A9D7F73BF9}.Release|x64.Build.0 = Release|x64
	EndGlobalSection
	GlobalSection(SolutionProperties) = preSolution
		HideSolutionNode = FALSE
	EndGlobalSection
	GlobalSection(ExtensibilityGlobals) = postSolution
		SolutionGuid = {37B70D8B-6501-4D40-81C0-A8A71A00911B}
	EndGlobalSection
EndGlobal
